
Microsoft Visual Studio Solution File, Format Version 12.00
# Visual Studio Version 17
VisualStudioVersion = 17.5.33627.172
MinimumVisualStudioVersion = 10.0.40219.1
Project("{FAE04EC0-301F-11D3-BF4B-00C04F79EFBC}") = "Ch01_P05_Console_EX", "Ch01_P05_Console_EX\Ch01_P05_Console_EX.csproj", "{DC5CE47B-AB98-44D0-A6B3-E8696A579A5B}"
EndProject
Project("{2150E333-8FDC-42A3-9474-1A3956D46DE8}") = "Ch01", "Ch01", "{A1734600-5369-453B-B721-D9A33DD20A93}"
EndProject
Project("{FAE04EC0-301F-11D3-BF4B-00C04F79EFBC}") = "Ch01_P07_vardeclare_Console_IO_EX", "Ch01_P07_vardeclare_Console_IO_EX\Ch01_P07_vardeclare_Console_IO_EX.csproj", "{6CF1F10D-C52D-4C7E-B480-6ED549B29983}"
EndProject
Project("{FAE04EC0-301F-11D3-BF4B-00C04F79EFBC}") = "Ch01_P09_Arithmetic_EX", "Ch01_P09_Arithmetic_EX\Ch01_P09_Arithmetic_EX.csproj", "{312781E9-BE51-4B1A-8D87-45308AE9D09C}"
EndProject
Project("{FAE04EC0-301F-11D3-BF4B-00C04F79EFBC}") = "Ch01_P11_Bool.EX", "Ch01_P11_Bool.EX\Ch01_P11_Bool.EX.csproj", "{89AF5B63-5E9B-4630-BA97-CA754EA2FB0B}"
EndProject
Project("{FAE04EC0-301F-11D3-BF4B-00C04F79EFBC}") = "Ch01_P14_GUI_EX", "Ch01_P14_GUI_EX\Ch01_P14_GUI_EX.csproj", "{D657744B-7817-4349-82B3-F89AA1492DC9}"
EndProject
Project("{FAE04EC0-301F-11D3-BF4B-00C04F79EFBC}") = "Ch01_P15_OP_EX", "Ch01_P15_OP_EX\Ch01_P15_OP_EX.csproj", "{4B330A2D-873C-4135-B5C5-ECC30B4FC7BC}"
EndProject
Project("{2150E333-8FDC-42A3-9474-1A3956D46DE8}") = "Ch02", "Ch02", "{C1EF6823-BFC9-4075-A3BD-4AF34F594488}"
EndProject
Project("{9A19103F-16F7-4668-BE54-9A1E7A4F7556}") = "Ch02_Welcome", "Ch02_Welcome\Ch02_Welcome.csproj", "{26658ACA-2386-4D79-AC5A-2D4F442CC407}"
EndProject
Project("{FAE04EC0-301F-11D3-BF4B-00C04F79EFBC}") = "Ch02_P22_Console_MSG_EX", "Ch02_P22_Console_MSG_EX\Ch02_P22_Console_MSG_EX.csproj", "{7008F0D1-8079-4AFC-AF0F-FA1E605E3CD8}"
EndProject
Project("{2150E333-8FDC-42A3-9474-1A3956D46DE8}") = "Ch03", "Ch03", "{370A0C10-FAEA-4F87-A175-9CC65688033B}"
EndProject
Project("{FAE04EC0-301F-11D3-BF4B-00C04F79EFBC}") = "Ch03_P22_PI", "Ch03_P22_PI\Ch03_P22_PI.csproj", "{65E3BAEF-C1E3-479D-A5AB-9660C167672F}"
EndProject
Project("{FAE04EC0-301F-11D3-BF4B-00C04F79EFBC}") = "Ch03_Test_PI", "Ch03_Test_PI\Ch03_Test_PI.csproj", "{03261233-9310-4B24-900C-CA8167C00015}"
EndProject
Project("{FAE04EC0-301F-11D3-BF4B-00C04F79EFBC}") = "Ch03_P48_BMI_Demo", "Ch03_P48_BMI_Demo\Ch03_P48_BMI_Demo.csproj", "{BAE7FEA9-B7C1-454E-8C24-9F203EFB50B7}"
EndProject
Project("{FAE04EC0-301F-11D3-BF4B-00C04F79EFBC}") = "Ch3_P47_C_F_Temp_Trransforrm_Demo", "Ch03_P47_C_F_Temp_Trransforrm_Demo\Ch3_P47_C_F_Temp_Trransforrm_Demo.csproj", "{6E816F22-4216-4254-A000-4DAD67C73C43}"
EndProject
Project("{FAE04EC0-301F-11D3-BF4B-00C04F79EFBC}") = "Ch03_P52_Demo", "Ch03_P52_Demo\Ch03_P52_Demo.csproj", "{058C3FFE-AEC0-4589-8023-3ADE78A7D9E9}"
EndProject
Project("{FAE04EC0-301F-11D3-BF4B-00C04F79EFBC}") = "Ch03_P61_Bitwise_Shift_Demo", "Ch03_P61_Bitwise_Shift_Demo\Ch03_P61_Bitwise_Shift_Demo.csproj", "{0DC90BC9-4E43-4AB4-B3A7-280E37F6FBF4}"
EndProject
Project("{FAE04EC0-301F-11D3-BF4B-00C04F79EFBC}") = "Ch03_P68_ImplicitTypeConvert_Demo", "Ch03_P68_ImplicitTypeConvert_Demo\Ch03_P68_ImplicitTypeConvert_Demo.csproj", "{19944D2B-1669-401B-A943-9265500DCFE9}"
EndProject
Project("{FAE04EC0-301F-11D3-BF4B-00C04F79EFBC}") = "Ch03_P71_Explicit_Casting_Demo", "Ch03_P71_Explicit_Casting_Demo\Ch03_P71_Explicit_Casting_Demo.csproj", "{9A1AA2D5-49AC-4EA6-A3EF-D9758031C9DE}"
EndProject
Project("{FAE04EC0-301F-11D3-BF4B-00C04F79EFBC}") = "Ch03_P79_DataType_MaxValue_Demo", "Ch03_P79_DataType_MaxValue_Demo\Ch03_P79_DataType_MaxValue_Demo.csproj", "{4D5C568A-3485-4E15-874C-D06882572E12}"
EndProject
Project("{FAE04EC0-301F-11D3-BF4B-00C04F79EFBC}") = "Ch03_P83_String_Methods_Demo", "Ch03_P83_String_Methods_Demo\Ch03_P83_String_Methods_Demo.csproj", "{9E3459A1-FB6A-4749-9A86-0E13D103BF9E}"
EndProject
Project("{FAE04EC0-301F-11D3-BF4B-00C04F79EFBC}") = "Ch03_P84_StringBuilder_Demo", "Ch03_P84_StringBuilder_Demo\Ch03_P84_StringBuilder_Demo.csproj", "{A3F1B64D-FA2D-4A91-B1D4-015A2AB81097}"
EndProject
Project("{FAE04EC0-301F-11D3-BF4B-00C04F79EFBC}") = "Ch03_P85_Array_Demo", "Ch03_P85_Array_Demo\Ch03_P85_Array_Demo.csproj", "{D0FDAF21-AD26-4DC4-A918-439FA08326E8}"
EndProject
Project("{FAE04EC0-301F-11D3-BF4B-00C04F79EFBC}") = "Ch03_P87_RaggedArray_Demo", "Ch03_P87_RaggedArray_Demo\Ch03_P87_RaggedArray_Demo.csproj", "{80116059-1BD5-454B-9869-B33DDADABEB9}"
EndProject
Project("{FAE04EC0-301F-11D3-BF4B-00C04F79EFBC}") = "Ch03_P88_Loop_Control_Demo", "Ch03_P88_Loop_Control_Demo\Ch03_P88_Loop_Control_Demo.csproj", "{86B35FF5-EE28-45BC-A0EA-3589FC999F5D}"
EndProject
Project("{FAE04EC0-301F-11D3-BF4B-00C04F79EFBC}") = "Ch03_Test02", "Ch03_Test02\Ch03_Test02.csproj", "{E4CAE7AE-5052-411A-AD00-B2349AF53C49}"
EndProject
Project("{FAE04EC0-301F-11D3-BF4B-00C04F79EFBC}") = "Ch03_P89_Q1_Triangle_Demo", "Ch03_P89_Q1_Triangle_Demo\Ch03_P89_Q1_Triangle_Demo.csproj", "{DC2766B7-A0D5-4C73-9224-2F9ED4E084EF}"
EndProject
Project("{FAE04EC0-301F-11D3-BF4B-00C04F79EFBC}") = "Ch03_Text03_9x9", "Ch03_Text03_9x9\Ch03_Text03_9x9.csproj", "{897D2BCB-CC78-41FD-9D7D-F32FD29ACFAF}"
EndProject
Project("{2150E333-8FDC-42A3-9474-1A3956D46DE8}") = "Practice", "Practice", "{541F44B5-4BAC-44CE-871B-518FF31D6ACA}"
EndProject
Project("{FAE04EC0-301F-11D3-BF4B-00C04F79EFBC}") = "Ch03_Text_04", "Ch03_Text_04\Ch03_Text_04.csproj", "{FDB133B3-3853-4AD7-A010-6AF53D0EEDF2}"
EndProject
Project("{FAE04EC0-301F-11D3-BF4B-00C04F79EFBC}") = "Number_OF_Sortting", "Number_OF_Sortting\Number_OF_Sortting.csproj", "{570A1386-8784-42CC-8A6B-7C725828663A}"
EndProject
Project("{FAE04EC0-301F-11D3-BF4B-00C04F79EFBC}") = "Profit_commission", "Profit_commission\Profit_commission.csproj", "{46CBD915-5D49-460C-AC1A-AB614A794731}"
EndProject
Project("{FAE04EC0-301F-11D3-BF4B-00C04F79EFBC}") = "Ch03_P93_All_QX_Demo", "Ch03_P93_All_QX_Demo\Ch03_P93_All_QX_Demo.csproj", "{0B9573B1-F5B6-491F-AE38-47BAAED2E710}"
EndProject
Project("{FAE04EC0-301F-11D3-BF4B-00C04F79EFBC}") = "Ch03_P94_If_Else_Demo", "Ch03_P94_If_Else_Demo\Ch03_P94_If_Else_Demo.csproj", "{49ABDF8D-7DE7-4C15-8D2F-5BCA84E90756}"
EndProject
Project("{FAE04EC0-301F-11D3-BF4B-00C04F79EFBC}") = "Ch03_P95_Foreach_Break_Continue_Demo", "Ch03_P95_Foreach_Break_Continue_Demo\Ch03_P95_Foreach_Break_Continue_Demo.csproj", "{7B7113BC-6404-4CA7-997A-11B09D9E27E5}"
EndProject
Project("{FAE04EC0-301F-11D3-BF4B-00C04F79EFBC}") = "Ch03_P96_Switch_Demo", "Ch03_P96_Switch_Demo\Ch03_P96_Switch_Demo.csproj", "{B63DCC36-F05A-4D68-AE71-E4D5D32FFB7B}"
EndProject
Project("{FAE04EC0-301F-11D3-BF4B-00C04F79EFBC}") = "Ch03_P9_Method_Demo", "Ch03_P9_Method_Demo\Ch03_P9_Method_Demo.csproj", "{5DAD3A55-3945-4364-BEBC-27D81FBFB2C6}"
EndProject
Project("{FAE04EC0-301F-11D3-BF4B-00C04F79EFBC}") = "Ch03_P101_Method_Declaration_Demo", "Ch03_P101_Method_Declaration_Demo\Ch03_P101_Method_Declaration_Demo.csproj", "{07D434A5-F0AB-422C-99A8-9A525EDBC465}"
EndProject
Project("{FAE04EC0-301F-11D3-BF4B-00C04F79EFBC}") = "Ch03_P102_InternalAccess_Demo", "Ch03_P102_InternalAccess_Demo\Ch03_P102_InternalAccess_Demo.csproj", "{30980424-E89E-48B0-B8C8-835C6255ABE3}"
EndProject
Project("{FAE04EC0-301F-11D3-BF4B-00C04F79EFBC}") = "Ch03_P103_Method_withSingleParameter_Demo", "Ch03_P103_Method_withSingleParameter_Demo\Ch03_P103_Method_withSingleParameter_Demo.csproj", "{EB26AC3D-BC71-4E07-822C-964064941D3A}"
EndProject
Project("{FAE04EC0-301F-11D3-BF4B-00C04F79EFBC}") = "Ch03_P105_PassArrayElement_Demo", "Ch03_P105_PassArrayElement_Demo\Ch03_P105_PassArrayElement_Demo.csproj", "{01A661B1-260F-48FC-90DD-B126CC070ACD}"
EndProject
Project("{FAE04EC0-301F-11D3-BF4B-00C04F79EFBC}") = "Ch03_P107_PassArrayElementRef_Demo", "Ch03_P107_PassArrayElementRef_Demo\Ch03_P107_PassArrayElementRef_Demo.csproj", "{A11C8E45-2910-4CC6-AF60-ABB73E8849EE}"
EndProject
Project("{FAE04EC0-301F-11D3-BF4B-00C04F79EFBC}") = "Ch03_P108_PassArray_Demo", "Ch03_P108_PassArray_Demo\Ch03_P108_PassArray_Demo.csproj", "{37898F9E-5E7F-4B41-8C74-37263247FB09}"
EndProject
Project("{FAE04EC0-301F-11D3-BF4B-00C04F79EFBC}") = "Ch03_P114_Ref_Returnned_Demo", "Ch03_P114_Ref_Returnned_Demo\Ch03_P114_Ref_Returnned_Demo.csproj", "{BCCCEB91-ACC5-4B77-AEF7-B21E62FA1390}"
EndProject
Project("{FAE04EC0-301F-11D3-BF4B-00C04F79EFBC}") = "Ch03_P119_Class_Object_Demo", "Ch03_P119_Class_Object_Demo\Ch03_P119_Class_Object_Demo.csproj", "{4AB2CF22-5F28-4442-88A5-5985EBED7E58}"
EndProject
Project("{FAE04EC0-301F-11D3-BF4B-00C04F79EFBC}") = "Ch03_P122_DaysTemp_Demo", "Ch03_P122_DaysTemp_Demo\Ch03_P122_DaysTemp_Demo.csproj", "{B768B112-9128-4D09-87B3-01BA6C690C23}"
EndProject
Project("{FAE04EC0-301F-11D3-BF4B-00C04F79EFBC}") = "Ch03_P123_PassObjects_toMethod_Demo", "Ch03_P123_PassObjects_toMethod_Demo\Ch03_P123_PassObjects_toMethod_Demo.csproj", "{4D281467-1543-4612-9EB7-210CA5B347E3}"
EndProject
Project("{FAE04EC0-301F-11D3-BF4B-00C04F79EFBC}") = "Ch03_P125_Creating_Property_Demo", "Ch03_P125_Creating_Property_Demo\Ch03_P125_Creating_Property_Demo.csproj", "{0A44B565-8107-46CC-BAEC-8EAEB7DDB8AA}"
EndProject
Project("{FAE04EC0-301F-11D3-BF4B-00C04F79EFBC}") = "Ch03_P126_Auto_Properties_Demo", "Ch03_P126_Auto_Properties_Demo\Ch03_P126_Auto_Properties_Demo.csproj", "{AC80BE6D-1B9D-4CBC-AFFD-4F27E6C6A81F}"
EndProject
Project("{FAE04EC0-301F-11D3-BF4B-00C04F79EFBC}") = "Ch03_P127_Private_Auxiliary_Function_Demo", "Ch03_P127_Private_Auxiliary_Function_Demo\Ch03_P127_Private_Auxiliary_Function_Demo.csproj", "{E44127B3-20A8-48CD-B268-BEAB12F77651}"
EndProject
Project("{FAE04EC0-301F-11D3-BF4B-00C04F79EFBC}") = "Ch03_P130_Overloading_CTOR_Demo", "Ch03_P130_Overloading_CTOR_Demo\Ch03_P130_Overloading_CTOR_Demo.csproj", "{7B95F4D8-05A0-4705-8AEE-DA9F3CB6FBA0}"
EndProject
Project("{FAE04EC0-301F-11D3-BF4B-00C04F79EFBC}") = "Ch03_P131_Standard_CTOR_Demo", "Ch03_P131_Standard_CTOR_Demo\Ch03_P131_Standard_CTOR_Demo.csproj", "{76293D06-4DDF-458D-B0AF-75FA89296F34}"
EndProject
Project("{FAE04EC0-301F-11D3-BF4B-00C04F79EFBC}") = "Ch03_P132_ReadOnlyField_Demo", "Ch03_P132_ReadOnlyField_Demo\Ch03_P132_ReadOnlyField_Demo.csproj", "{6C4353DA-46E2-4B63-8B6F-7327ABE32945}"
EndProject
Project("{FAE04EC0-301F-11D3-BF4B-00C04F79EFBC}") = "Ch03_P133_Object_init_Orders_Demo", "Ch03_P133_Object_init_Orders_Demo\Ch03_P133_Object_init_Orders_Demo.csproj", "{59F3C0E4-A430-47E9-AB17-653A94F2704C}"
EndProject
Project("{FAE04EC0-301F-11D3-BF4B-00C04F79EFBC}") = "Ch03_P134_Mutliplelnit_Demo", "Ch03_P134_Mutliplelnit_Demo\Ch03_P134_Mutliplelnit_Demo.csproj", "{8C840974-4468-46AF-8BB8-6C1E0335597F}"
EndProject
Project("{FAE04EC0-301F-11D3-BF4B-00C04F79EFBC}") = "Ch03_Test05", "Ch03_Test05\Ch03_Test05.csproj", "{C8B7C975-B676-42CD-ACF5-BE6EB63B89DA}"
EndProject
Project("{FAE04EC0-301F-11D3-BF4B-00C04F79EFBC}") = "Ch03_P135_Object_Init_CTOR_FNBLK_Demo", "Ch03_P135_Object_Init_CTOR_FNBLK_Demo\Ch03_P135_Object_Init_CTOR_FNBLK_Demo.csproj", "{FE611250-E918-460B-987C-FD271611EDB0}"
EndProject
Project("{FAE04EC0-301F-11D3-BF4B-00C04F79EFBC}") = "Ch03_P136_Operrator_Overloading_Demo", "Ch03_P136_Operrator_Overloading_Demo\Ch03_P136_Operrator_Overloading_Demo.csproj", "{7803243F-50B7-4BA4-AFF6-F831DD7A8A05}"
EndProject
Project("{FAE04EC0-301F-11D3-BF4B-00C04F79EFBC}") = "Ch03_P137_ExtendingClass_Demo", "Ch03_P137_ExtendingClass_Demo\Ch03_P137_ExtendingClass_Demo.csproj", "{18681ABA-1724-481F-8745-E6DF7862F830}"
EndProject
Project("{FAE04EC0-301F-11D3-BF4B-00C04F79EFBC}") = "Ch03_P138_Protected_Attribute_Demo", "Ch03_P38_Protected_Attribute_Demo\Ch03_P138_Protected_Attribute_Demo.csproj", "{D29E261C-9B7C-459B-91B9-FCC7A45689D8}"
EndProject
Project("{FAE04EC0-301F-11D3-BF4B-00C04F79EFBC}") = "Ch03_P139_Override_Member_Demo", "Ch03_P139_Override_Member_Demo\Ch03_P139_Override_Member_Demo.csproj", "{9B511E4F-48C7-4A9A-96C7-52165A676D25}"
EndProject
Global
	GlobalSection(SolutionConfigurationPlatforms) = preSolution
		Debug|Any CPU = Debug|Any CPU
		Release|Any CPU = Release|Any CPU
	EndGlobalSection
	GlobalSection(ProjectConfigurationPlatforms) = postSolution
		{DC5CE47B-AB98-44D0-A6B3-E8696A579A5B}.Debug|Any CPU.ActiveCfg = Debug|Any CPU
		{DC5CE47B-AB98-44D0-A6B3-E8696A579A5B}.Debug|Any CPU.Build.0 = Debug|Any CPU
		{DC5CE47B-AB98-44D0-A6B3-E8696A579A5B}.Release|Any CPU.ActiveCfg = Release|Any CPU
		{DC5CE47B-AB98-44D0-A6B3-E8696A579A5B}.Release|Any CPU.Build.0 = Release|Any CPU
		{6CF1F10D-C52D-4C7E-B480-6ED549B29983}.Debug|Any CPU.ActiveCfg = Debug|Any CPU
		{6CF1F10D-C52D-4C7E-B480-6ED549B29983}.Debug|Any CPU.Build.0 = Debug|Any CPU
		{6CF1F10D-C52D-4C7E-B480-6ED549B29983}.Release|Any CPU.ActiveCfg = Release|Any CPU
		{6CF1F10D-C52D-4C7E-B480-6ED549B29983}.Release|Any CPU.Build.0 = Release|Any CPU
		{312781E9-BE51-4B1A-8D87-45308AE9D09C}.Debug|Any CPU.ActiveCfg = Debug|Any CPU
		{312781E9-BE51-4B1A-8D87-45308AE9D09C}.Debug|Any CPU.Build.0 = Debug|Any CPU
		{312781E9-BE51-4B1A-8D87-45308AE9D09C}.Release|Any CPU.ActiveCfg = Release|Any CPU
		{312781E9-BE51-4B1A-8D87-45308AE9D09C}.Release|Any CPU.Build.0 = Release|Any CPU
		{89AF5B63-5E9B-4630-BA97-CA754EA2FB0B}.Debug|Any CPU.ActiveCfg = Debug|Any CPU
		{89AF5B63-5E9B-4630-BA97-CA754EA2FB0B}.Debug|Any CPU.Build.0 = Debug|Any CPU
		{89AF5B63-5E9B-4630-BA97-CA754EA2FB0B}.Release|Any CPU.ActiveCfg = Release|Any CPU
		{89AF5B63-5E9B-4630-BA97-CA754EA2FB0B}.Release|Any CPU.Build.0 = Release|Any CPU
		{D657744B-7817-4349-82B3-F89AA1492DC9}.Debug|Any CPU.ActiveCfg = Debug|Any CPU
		{D657744B-7817-4349-82B3-F89AA1492DC9}.Debug|Any CPU.Build.0 = Debug|Any CPU
		{D657744B-7817-4349-82B3-F89AA1492DC9}.Release|Any CPU.ActiveCfg = Release|Any CPU
		{D657744B-7817-4349-82B3-F89AA1492DC9}.Release|Any CPU.Build.0 = Release|Any CPU
		{4B330A2D-873C-4135-B5C5-ECC30B4FC7BC}.Debug|Any CPU.ActiveCfg = Debug|Any CPU
		{4B330A2D-873C-4135-B5C5-ECC30B4FC7BC}.Debug|Any CPU.Build.0 = Debug|Any CPU
		{4B330A2D-873C-4135-B5C5-ECC30B4FC7BC}.Release|Any CPU.ActiveCfg = Release|Any CPU
		{4B330A2D-873C-4135-B5C5-ECC30B4FC7BC}.Release|Any CPU.Build.0 = Release|Any CPU
		{26658ACA-2386-4D79-AC5A-2D4F442CC407}.Debug|Any CPU.ActiveCfg = Debug|Any CPU
		{26658ACA-2386-4D79-AC5A-2D4F442CC407}.Debug|Any CPU.Build.0 = Debug|Any CPU
		{26658ACA-2386-4D79-AC5A-2D4F442CC407}.Release|Any CPU.ActiveCfg = Release|Any CPU
		{26658ACA-2386-4D79-AC5A-2D4F442CC407}.Release|Any CPU.Build.0 = Release|Any CPU
		{7008F0D1-8079-4AFC-AF0F-FA1E605E3CD8}.Debug|Any CPU.ActiveCfg = Debug|Any CPU
		{7008F0D1-8079-4AFC-AF0F-FA1E605E3CD8}.Debug|Any CPU.Build.0 = Debug|Any CPU
		{7008F0D1-8079-4AFC-AF0F-FA1E605E3CD8}.Release|Any CPU.ActiveCfg = Release|Any CPU
		{7008F0D1-8079-4AFC-AF0F-FA1E605E3CD8}.Release|Any CPU.Build.0 = Release|Any CPU
		{65E3BAEF-C1E3-479D-A5AB-9660C167672F}.Debug|Any CPU.ActiveCfg = Debug|Any CPU
		{65E3BAEF-C1E3-479D-A5AB-9660C167672F}.Debug|Any CPU.Build.0 = Debug|Any CPU
		{65E3BAEF-C1E3-479D-A5AB-9660C167672F}.Release|Any CPU.ActiveCfg = Release|Any CPU
		{65E3BAEF-C1E3-479D-A5AB-9660C167672F}.Release|Any CPU.Build.0 = Release|Any CPU
		{03261233-9310-4B24-900C-CA8167C00015}.Debug|Any CPU.ActiveCfg = Debug|Any CPU
		{03261233-9310-4B24-900C-CA8167C00015}.Debug|Any CPU.Build.0 = Debug|Any CPU
		{03261233-9310-4B24-900C-CA8167C00015}.Release|Any CPU.ActiveCfg = Release|Any CPU
		{03261233-9310-4B24-900C-CA8167C00015}.Release|Any CPU.Build.0 = Release|Any CPU
		{BAE7FEA9-B7C1-454E-8C24-9F203EFB50B7}.Debug|Any CPU.ActiveCfg = Debug|Any CPU
		{BAE7FEA9-B7C1-454E-8C24-9F203EFB50B7}.Debug|Any CPU.Build.0 = Debug|Any CPU
		{BAE7FEA9-B7C1-454E-8C24-9F203EFB50B7}.Release|Any CPU.ActiveCfg = Release|Any CPU
		{BAE7FEA9-B7C1-454E-8C24-9F203EFB50B7}.Release|Any CPU.Build.0 = Release|Any CPU
		{6E816F22-4216-4254-A000-4DAD67C73C43}.Debug|Any CPU.ActiveCfg = Debug|Any CPU
		{6E816F22-4216-4254-A000-4DAD67C73C43}.Debug|Any CPU.Build.0 = Debug|Any CPU
		{6E816F22-4216-4254-A000-4DAD67C73C43}.Release|Any CPU.ActiveCfg = Release|Any CPU
		{6E816F22-4216-4254-A000-4DAD67C73C43}.Release|Any CPU.Build.0 = Release|Any CPU
		{058C3FFE-AEC0-4589-8023-3ADE78A7D9E9}.Debug|Any CPU.ActiveCfg = Debug|Any CPU
		{058C3FFE-AEC0-4589-8023-3ADE78A7D9E9}.Debug|Any CPU.Build.0 = Debug|Any CPU
		{058C3FFE-AEC0-4589-8023-3ADE78A7D9E9}.Release|Any CPU.ActiveCfg = Release|Any CPU
		{058C3FFE-AEC0-4589-8023-3ADE78A7D9E9}.Release|Any CPU.Build.0 = Release|Any CPU
		{0DC90BC9-4E43-4AB4-B3A7-280E37F6FBF4}.Debug|Any CPU.ActiveCfg = Debug|Any CPU
		{0DC90BC9-4E43-4AB4-B3A7-280E37F6FBF4}.Debug|Any CPU.Build.0 = Debug|Any CPU
		{0DC90BC9-4E43-4AB4-B3A7-280E37F6FBF4}.Release|Any CPU.ActiveCfg = Release|Any CPU
		{0DC90BC9-4E43-4AB4-B3A7-280E37F6FBF4}.Release|Any CPU.Build.0 = Release|Any CPU
		{19944D2B-1669-401B-A943-9265500DCFE9}.Debug|Any CPU.ActiveCfg = Debug|Any CPU
		{19944D2B-1669-401B-A943-9265500DCFE9}.Debug|Any CPU.Build.0 = Debug|Any CPU
		{19944D2B-1669-401B-A943-9265500DCFE9}.Release|Any CPU.ActiveCfg = Release|Any CPU
		{19944D2B-1669-401B-A943-9265500DCFE9}.Release|Any CPU.Build.0 = Release|Any CPU
		{9A1AA2D5-49AC-4EA6-A3EF-D9758031C9DE}.Debug|Any CPU.ActiveCfg = Debug|Any CPU
		{9A1AA2D5-49AC-4EA6-A3EF-D9758031C9DE}.Debug|Any CPU.Build.0 = Debug|Any CPU
		{9A1AA2D5-49AC-4EA6-A3EF-D9758031C9DE}.Release|Any CPU.ActiveCfg = Release|Any CPU
		{9A1AA2D5-49AC-4EA6-A3EF-D9758031C9DE}.Release|Any CPU.Build.0 = Release|Any CPU
		{4D5C568A-3485-4E15-874C-D06882572E12}.Debug|Any CPU.ActiveCfg = Debug|Any CPU
		{4D5C568A-3485-4E15-874C-D06882572E12}.Debug|Any CPU.Build.0 = Debug|Any CPU
		{4D5C568A-3485-4E15-874C-D06882572E12}.Release|Any CPU.ActiveCfg = Release|Any CPU
		{4D5C568A-3485-4E15-874C-D06882572E12}.Release|Any CPU.Build.0 = Release|Any CPU
		{9E3459A1-FB6A-4749-9A86-0E13D103BF9E}.Debug|Any CPU.ActiveCfg = Debug|Any CPU
		{9E3459A1-FB6A-4749-9A86-0E13D103BF9E}.Debug|Any CPU.Build.0 = Debug|Any CPU
		{9E3459A1-FB6A-4749-9A86-0E13D103BF9E}.Release|Any CPU.ActiveCfg = Release|Any CPU
		{9E3459A1-FB6A-4749-9A86-0E13D103BF9E}.Release|Any CPU.Build.0 = Release|Any CPU
		{A3F1B64D-FA2D-4A91-B1D4-015A2AB81097}.Debug|Any CPU.ActiveCfg = Debug|Any CPU
		{A3F1B64D-FA2D-4A91-B1D4-015A2AB81097}.Debug|Any CPU.Build.0 = Debug|Any CPU
		{A3F1B64D-FA2D-4A91-B1D4-015A2AB81097}.Release|Any CPU.ActiveCfg = Release|Any CPU
		{A3F1B64D-FA2D-4A91-B1D4-015A2AB81097}.Release|Any CPU.Build.0 = Release|Any CPU
		{D0FDAF21-AD26-4DC4-A918-439FA08326E8}.Debug|Any CPU.ActiveCfg = Debug|Any CPU
		{D0FDAF21-AD26-4DC4-A918-439FA08326E8}.Debug|Any CPU.Build.0 = Debug|Any CPU
		{D0FDAF21-AD26-4DC4-A918-439FA08326E8}.Release|Any CPU.ActiveCfg = Release|Any CPU
		{D0FDAF21-AD26-4DC4-A918-439FA08326E8}.Release|Any CPU.Build.0 = Release|Any CPU
		{80116059-1BD5-454B-9869-B33DDADABEB9}.Debug|Any CPU.ActiveCfg = Debug|Any CPU
		{80116059-1BD5-454B-9869-B33DDADABEB9}.Debug|Any CPU.Build.0 = Debug|Any CPU
		{80116059-1BD5-454B-9869-B33DDADABEB9}.Release|Any CPU.ActiveCfg = Release|Any CPU
		{80116059-1BD5-454B-9869-B33DDADABEB9}.Release|Any CPU.Build.0 = Release|Any CPU
		{86B35FF5-EE28-45BC-A0EA-3589FC999F5D}.Debug|Any CPU.ActiveCfg = Debug|Any CPU
		{86B35FF5-EE28-45BC-A0EA-3589FC999F5D}.Debug|Any CPU.Build.0 = Debug|Any CPU
		{86B35FF5-EE28-45BC-A0EA-3589FC999F5D}.Release|Any CPU.ActiveCfg = Release|Any CPU
		{86B35FF5-EE28-45BC-A0EA-3589FC999F5D}.Release|Any CPU.Build.0 = Release|Any CPU
		{E4CAE7AE-5052-411A-AD00-B2349AF53C49}.Debug|Any CPU.ActiveCfg = Debug|Any CPU
		{E4CAE7AE-5052-411A-AD00-B2349AF53C49}.Debug|Any CPU.Build.0 = Debug|Any CPU
		{E4CAE7AE-5052-411A-AD00-B2349AF53C49}.Release|Any CPU.ActiveCfg = Release|Any CPU
		{E4CAE7AE-5052-411A-AD00-B2349AF53C49}.Release|Any CPU.Build.0 = Release|Any CPU
		{DC2766B7-A0D5-4C73-9224-2F9ED4E084EF}.Debug|Any CPU.ActiveCfg = Debug|Any CPU
		{DC2766B7-A0D5-4C73-9224-2F9ED4E084EF}.Debug|Any CPU.Build.0 = Debug|Any CPU
		{DC2766B7-A0D5-4C73-9224-2F9ED4E084EF}.Release|Any CPU.ActiveCfg = Release|Any CPU
		{DC2766B7-A0D5-4C73-9224-2F9ED4E084EF}.Release|Any CPU.Build.0 = Release|Any CPU
		{897D2BCB-CC78-41FD-9D7D-F32FD29ACFAF}.Debug|Any CPU.ActiveCfg = Debug|Any CPU
		{897D2BCB-CC78-41FD-9D7D-F32FD29ACFAF}.Debug|Any CPU.Build.0 = Debug|Any CPU
		{897D2BCB-CC78-41FD-9D7D-F32FD29ACFAF}.Release|Any CPU.ActiveCfg = Release|Any CPU
		{897D2BCB-CC78-41FD-9D7D-F32FD29ACFAF}.Release|Any CPU.Build.0 = Release|Any CPU
		{FDB133B3-3853-4AD7-A010-6AF53D0EEDF2}.Debug|Any CPU.ActiveCfg = Debug|Any CPU
		{FDB133B3-3853-4AD7-A010-6AF53D0EEDF2}.Debug|Any CPU.Build.0 = Debug|Any CPU
		{FDB133B3-3853-4AD7-A010-6AF53D0EEDF2}.Release|Any CPU.ActiveCfg = Release|Any CPU
		{FDB133B3-3853-4AD7-A010-6AF53D0EEDF2}.Release|Any CPU.Build.0 = Release|Any CPU
		{570A1386-8784-42CC-8A6B-7C725828663A}.Debug|Any CPU.ActiveCfg = Debug|Any CPU
		{570A1386-8784-42CC-8A6B-7C725828663A}.Debug|Any CPU.Build.0 = Debug|Any CPU
		{570A1386-8784-42CC-8A6B-7C725828663A}.Release|Any CPU.ActiveCfg = Release|Any CPU
		{570A1386-8784-42CC-8A6B-7C725828663A}.Release|Any CPU.Build.0 = Release|Any CPU
		{46CBD915-5D49-460C-AC1A-AB614A794731}.Debug|Any CPU.ActiveCfg = Debug|Any CPU
		{46CBD915-5D49-460C-AC1A-AB614A794731}.Debug|Any CPU.Build.0 = Debug|Any CPU
		{46CBD915-5D49-460C-AC1A-AB614A794731}.Release|Any CPU.ActiveCfg = Release|Any CPU
		{46CBD915-5D49-460C-AC1A-AB614A794731}.Release|Any CPU.Build.0 = Release|Any CPU
		{0B9573B1-F5B6-491F-AE38-47BAAED2E710}.Debug|Any CPU.ActiveCfg = Debug|Any CPU
		{0B9573B1-F5B6-491F-AE38-47BAAED2E710}.Debug|Any CPU.Build.0 = Debug|Any CPU
		{0B9573B1-F5B6-491F-AE38-47BAAED2E710}.Release|Any CPU.ActiveCfg = Release|Any CPU
		{0B9573B1-F5B6-491F-AE38-47BAAED2E710}.Release|Any CPU.Build.0 = Release|Any CPU
		{49ABDF8D-7DE7-4C15-8D2F-5BCA84E90756}.Debug|Any CPU.ActiveCfg = Debug|Any CPU
		{49ABDF8D-7DE7-4C15-8D2F-5BCA84E90756}.Debug|Any CPU.Build.0 = Debug|Any CPU
		{49ABDF8D-7DE7-4C15-8D2F-5BCA84E90756}.Release|Any CPU.ActiveCfg = Release|Any CPU
		{49ABDF8D-7DE7-4C15-8D2F-5BCA84E90756}.Release|Any CPU.Build.0 = Release|Any CPU
		{7B7113BC-6404-4CA7-997A-11B09D9E27E5}.Debug|Any CPU.ActiveCfg = Debug|Any CPU
		{7B7113BC-6404-4CA7-997A-11B09D9E27E5}.Debug|Any CPU.Build.0 = Debug|Any CPU
		{7B7113BC-6404-4CA7-997A-11B09D9E27E5}.Release|Any CPU.ActiveCfg = Release|Any CPU
		{7B7113BC-6404-4CA7-997A-11B09D9E27E5}.Release|Any CPU.Build.0 = Release|Any CPU
		{B63DCC36-F05A-4D68-AE71-E4D5D32FFB7B}.Debug|Any CPU.ActiveCfg = Debug|Any CPU
		{B63DCC36-F05A-4D68-AE71-E4D5D32FFB7B}.Debug|Any CPU.Build.0 = Debug|Any CPU
		{B63DCC36-F05A-4D68-AE71-E4D5D32FFB7B}.Release|Any CPU.ActiveCfg = Release|Any CPU
		{B63DCC36-F05A-4D68-AE71-E4D5D32FFB7B}.Release|Any CPU.Build.0 = Release|Any CPU
		{5DAD3A55-3945-4364-BEBC-27D81FBFB2C6}.Debug|Any CPU.ActiveCfg = Debug|Any CPU
		{5DAD3A55-3945-4364-BEBC-27D81FBFB2C6}.Debug|Any CPU.Build.0 = Debug|Any CPU
		{5DAD3A55-3945-4364-BEBC-27D81FBFB2C6}.Release|Any CPU.ActiveCfg = Release|Any CPU
		{5DAD3A55-3945-4364-BEBC-27D81FBFB2C6}.Release|Any CPU.Build.0 = Release|Any CPU
		{07D434A5-F0AB-422C-99A8-9A525EDBC465}.Debug|Any CPU.ActiveCfg = Debug|Any CPU
		{07D434A5-F0AB-422C-99A8-9A525EDBC465}.Debug|Any CPU.Build.0 = Debug|Any CPU
		{07D434A5-F0AB-422C-99A8-9A525EDBC465}.Release|Any CPU.ActiveCfg = Release|Any CPU
		{07D434A5-F0AB-422C-99A8-9A525EDBC465}.Release|Any CPU.Build.0 = Release|Any CPU
		{30980424-E89E-48B0-B8C8-835C6255ABE3}.Debug|Any CPU.ActiveCfg = Debug|Any CPU
		{30980424-E89E-48B0-B8C8-835C6255ABE3}.Debug|Any CPU.Build.0 = Debug|Any CPU
		{30980424-E89E-48B0-B8C8-835C6255ABE3}.Release|Any CPU.ActiveCfg = Release|Any CPU
		{30980424-E89E-48B0-B8C8-835C6255ABE3}.Release|Any CPU.Build.0 = Release|Any CPU
		{EB26AC3D-BC71-4E07-822C-964064941D3A}.Debug|Any CPU.ActiveCfg = Debug|Any CPU
		{EB26AC3D-BC71-4E07-822C-964064941D3A}.Debug|Any CPU.Build.0 = Debug|Any CPU
		{EB26AC3D-BC71-4E07-822C-964064941D3A}.Release|Any CPU.ActiveCfg = Release|Any CPU
		{EB26AC3D-BC71-4E07-822C-964064941D3A}.Release|Any CPU.Build.0 = Release|Any CPU
		{01A661B1-260F-48FC-90DD-B126CC070ACD}.Debug|Any CPU.ActiveCfg = Debug|Any CPU
		{01A661B1-260F-48FC-90DD-B126CC070ACD}.Debug|Any CPU.Build.0 = Debug|Any CPU
		{01A661B1-260F-48FC-90DD-B126CC070ACD}.Release|Any CPU.ActiveCfg = Release|Any CPU
		{01A661B1-260F-48FC-90DD-B126CC070ACD}.Release|Any CPU.Build.0 = Release|Any CPU
		{A11C8E45-2910-4CC6-AF60-ABB73E8849EE}.Debug|Any CPU.ActiveCfg = Debug|Any CPU
		{A11C8E45-2910-4CC6-AF60-ABB73E8849EE}.Debug|Any CPU.Build.0 = Debug|Any CPU
		{A11C8E45-2910-4CC6-AF60-ABB73E8849EE}.Release|Any CPU.ActiveCfg = Release|Any CPU
		{A11C8E45-2910-4CC6-AF60-ABB73E8849EE}.Release|Any CPU.Build.0 = Release|Any CPU
		{37898F9E-5E7F-4B41-8C74-37263247FB09}.Debug|Any CPU.ActiveCfg = Debug|Any CPU
		{37898F9E-5E7F-4B41-8C74-37263247FB09}.Debug|Any CPU.Build.0 = Debug|Any CPU
		{37898F9E-5E7F-4B41-8C74-37263247FB09}.Release|Any CPU.ActiveCfg = Release|Any CPU
		{37898F9E-5E7F-4B41-8C74-37263247FB09}.Release|Any CPU.Build.0 = Release|Any CPU
		{BCCCEB91-ACC5-4B77-AEF7-B21E62FA1390}.Debug|Any CPU.ActiveCfg = Debug|Any CPU
		{BCCCEB91-ACC5-4B77-AEF7-B21E62FA1390}.Debug|Any CPU.Build.0 = Debug|Any CPU
		{BCCCEB91-ACC5-4B77-AEF7-B21E62FA1390}.Release|Any CPU.ActiveCfg = Release|Any CPU
		{BCCCEB91-ACC5-4B77-AEF7-B21E62FA1390}.Release|Any CPU.Build.0 = Release|Any CPU
		{4AB2CF22-5F28-4442-88A5-5985EBED7E58}.Debug|Any CPU.ActiveCfg = Debug|Any CPU
		{4AB2CF22-5F28-4442-88A5-5985EBED7E58}.Debug|Any CPU.Build.0 = Debug|Any CPU
		{4AB2CF22-5F28-4442-88A5-5985EBED7E58}.Release|Any CPU.ActiveCfg = Release|Any CPU
		{4AB2CF22-5F28-4442-88A5-5985EBED7E58}.Release|Any CPU.Build.0 = Release|Any CPU
		{B768B112-9128-4D09-87B3-01BA6C690C23}.Debug|Any CPU.ActiveCfg = Debug|Any CPU
		{B768B112-9128-4D09-87B3-01BA6C690C23}.Debug|Any CPU.Build.0 = Debug|Any CPU
		{B768B112-9128-4D09-87B3-01BA6C690C23}.Release|Any CPU.ActiveCfg = Release|Any CPU
		{B768B112-9128-4D09-87B3-01BA6C690C23}.Release|Any CPU.Build.0 = Release|Any CPU
		{4D281467-1543-4612-9EB7-210CA5B347E3}.Debug|Any CPU.ActiveCfg = Debug|Any CPU
		{4D281467-1543-4612-9EB7-210CA5B347E3}.Debug|Any CPU.Build.0 = Debug|Any CPU
		{4D281467-1543-4612-9EB7-210CA5B347E3}.Release|Any CPU.ActiveCfg = Release|Any CPU
		{4D281467-1543-4612-9EB7-210CA5B347E3}.Release|Any CPU.Build.0 = Release|Any CPU
		{0A44B565-8107-46CC-BAEC-8EAEB7DDB8AA}.Debug|Any CPU.ActiveCfg = Debug|Any CPU
		{0A44B565-8107-46CC-BAEC-8EAEB7DDB8AA}.Debug|Any CPU.Build.0 = Debug|Any CPU
		{0A44B565-8107-46CC-BAEC-8EAEB7DDB8AA}.Release|Any CPU.ActiveCfg = Release|Any CPU
		{0A44B565-8107-46CC-BAEC-8EAEB7DDB8AA}.Release|Any CPU.Build.0 = Release|Any CPU
		{AC80BE6D-1B9D-4CBC-AFFD-4F27E6C6A81F}.Debug|Any CPU.ActiveCfg = Debug|Any CPU
		{AC80BE6D-1B9D-4CBC-AFFD-4F27E6C6A81F}.Debug|Any CPU.Build.0 = Debug|Any CPU
		{AC80BE6D-1B9D-4CBC-AFFD-4F27E6C6A81F}.Release|Any CPU.ActiveCfg = Release|Any CPU
		{AC80BE6D-1B9D-4CBC-AFFD-4F27E6C6A81F}.Release|Any CPU.Build.0 = Release|Any CPU
		{E44127B3-20A8-48CD-B268-BEAB12F77651}.Debug|Any CPU.ActiveCfg = Debug|Any CPU
		{E44127B3-20A8-48CD-B268-BEAB12F77651}.Debug|Any CPU.Build.0 = Debug|Any CPU
		{E44127B3-20A8-48CD-B268-BEAB12F77651}.Release|Any CPU.ActiveCfg = Release|Any CPU
		{E44127B3-20A8-48CD-B268-BEAB12F77651}.Release|Any CPU.Build.0 = Release|Any CPU
		{7B95F4D8-05A0-4705-8AEE-DA9F3CB6FBA0}.Debug|Any CPU.ActiveCfg = Debug|Any CPU
		{7B95F4D8-05A0-4705-8AEE-DA9F3CB6FBA0}.Debug|Any CPU.Build.0 = Debug|Any CPU
		{7B95F4D8-05A0-4705-8AEE-DA9F3CB6FBA0}.Release|Any CPU.ActiveCfg = Release|Any CPU
		{7B95F4D8-05A0-4705-8AEE-DA9F3CB6FBA0}.Release|Any CPU.Build.0 = Release|Any CPU
		{76293D06-4DDF-458D-B0AF-75FA89296F34}.Debug|Any CPU.ActiveCfg = Debug|Any CPU
		{76293D06-4DDF-458D-B0AF-75FA89296F34}.Debug|Any CPU.Build.0 = Debug|Any CPU
		{76293D06-4DDF-458D-B0AF-75FA89296F34}.Release|Any CPU.ActiveCfg = Release|Any CPU
		{76293D06-4DDF-458D-B0AF-75FA89296F34}.Release|Any CPU.Build.0 = Release|Any CPU
		{6C4353DA-46E2-4B63-8B6F-7327ABE32945}.Debug|Any CPU.ActiveCfg = Debug|Any CPU
		{6C4353DA-46E2-4B63-8B6F-7327ABE32945}.Debug|Any CPU.Build.0 = Debug|Any CPU
		{6C4353DA-46E2-4B63-8B6F-7327ABE32945}.Release|Any CPU.ActiveCfg = Release|Any CPU
		{6C4353DA-46E2-4B63-8B6F-7327ABE32945}.Release|Any CPU.Build.0 = Release|Any CPU
		{59F3C0E4-A430-47E9-AB17-653A94F2704C}.Debug|Any CPU.ActiveCfg = Debug|Any CPU
		{59F3C0E4-A430-47E9-AB17-653A94F2704C}.Debug|Any CPU.Build.0 = Debug|Any CPU
		{59F3C0E4-A430-47E9-AB17-653A94F2704C}.Release|Any CPU.ActiveCfg = Release|Any CPU
		{59F3C0E4-A430-47E9-AB17-653A94F2704C}.Release|Any CPU.Build.0 = Release|Any CPU
		{8C840974-4468-46AF-8BB8-6C1E0335597F}.Debug|Any CPU.ActiveCfg = Debug|Any CPU
		{8C840974-4468-46AF-8BB8-6C1E0335597F}.Debug|Any CPU.Build.0 = Debug|Any CPU
		{8C840974-4468-46AF-8BB8-6C1E0335597F}.Release|Any CPU.ActiveCfg = Release|Any CPU
		{8C840974-4468-46AF-8BB8-6C1E0335597F}.Release|Any CPU.Build.0 = Release|Any CPU
		{C8B7C975-B676-42CD-ACF5-BE6EB63B89DA}.Debug|Any CPU.ActiveCfg = Debug|Any CPU
		{C8B7C975-B676-42CD-ACF5-BE6EB63B89DA}.Debug|Any CPU.Build.0 = Debug|Any CPU
		{C8B7C975-B676-42CD-ACF5-BE6EB63B89DA}.Release|Any CPU.ActiveCfg = Release|Any CPU
		{C8B7C975-B676-42CD-ACF5-BE6EB63B89DA}.Release|Any CPU.Build.0 = Release|Any CPU
		{FE611250-E918-460B-987C-FD271611EDB0}.Debug|Any CPU.ActiveCfg = Debug|Any CPU
		{FE611250-E918-460B-987C-FD271611EDB0}.Debug|Any CPU.Build.0 = Debug|Any CPU
		{FE611250-E918-460B-987C-FD271611EDB0}.Release|Any CPU.ActiveCfg = Release|Any CPU
		{FE611250-E918-460B-987C-FD271611EDB0}.Release|Any CPU.Build.0 = Release|Any CPU
		{7803243F-50B7-4BA4-AFF6-F831DD7A8A05}.Debug|Any CPU.ActiveCfg = Debug|Any CPU
		{7803243F-50B7-4BA4-AFF6-F831DD7A8A05}.Debug|Any CPU.Build.0 = Debug|Any CPU
		{7803243F-50B7-4BA4-AFF6-F831DD7A8A05}.Release|Any CPU.ActiveCfg = Release|Any CPU
		{7803243F-50B7-4BA4-AFF6-F831DD7A8A05}.Release|Any CPU.Build.0 = Release|Any CPU
		{18681ABA-1724-481F-8745-E6DF7862F830}.Debug|Any CPU.ActiveCfg = Debug|Any CPU
		{18681ABA-1724-481F-8745-E6DF7862F830}.Debug|Any CPU.Build.0 = Debug|Any CPU
		{18681ABA-1724-481F-8745-E6DF7862F830}.Release|Any CPU.ActiveCfg = Release|Any CPU
		{18681ABA-1724-481F-8745-E6DF7862F830}.Release|Any CPU.Build.0 = Release|Any CPU
		{D29E261C-9B7C-459B-91B9-FCC7A45689D8}.Debug|Any CPU.ActiveCfg = Debug|Any CPU
		{D29E261C-9B7C-459B-91B9-FCC7A45689D8}.Debug|Any CPU.Build.0 = Debug|Any CPU
		{D29E261C-9B7C-459B-91B9-FCC7A45689D8}.Release|Any CPU.ActiveCfg = Release|Any CPU
		{D29E261C-9B7C-459B-91B9-FCC7A45689D8}.Release|Any CPU.Build.0 = Release|Any CPU
		{9B511E4F-48C7-4A9A-96C7-52165A676D25}.Debug|Any CPU.ActiveCfg = Debug|Any CPU
		{9B511E4F-48C7-4A9A-96C7-52165A676D25}.Debug|Any CPU.Build.0 = Debug|Any CPU
		{9B511E4F-48C7-4A9A-96C7-52165A676D25}.Release|Any CPU.ActiveCfg = Release|Any CPU
		{9B511E4F-48C7-4A9A-96C7-52165A676D25}.Release|Any CPU.Build.0 = Release|Any CPU
	EndGlobalSection
	GlobalSection(SolutionProperties) = preSolution
		HideSolutionNode = FALSE
	EndGlobalSection
	GlobalSection(NestedProjects) = preSolution
		{DC5CE47B-AB98-44D0-A6B3-E8696A579A5B} = {A1734600-5369-453B-B721-D9A33DD20A93}
		{6CF1F10D-C52D-4C7E-B480-6ED549B29983} = {A1734600-5369-453B-B721-D9A33DD20A93}
		{312781E9-BE51-4B1A-8D87-45308AE9D09C} = {A1734600-5369-453B-B721-D9A33DD20A93}
		{89AF5B63-5E9B-4630-BA97-CA754EA2FB0B} = {A1734600-5369-453B-B721-D9A33DD20A93}
		{D657744B-7817-4349-82B3-F89AA1492DC9} = {A1734600-5369-453B-B721-D9A33DD20A93}
		{4B330A2D-873C-4135-B5C5-ECC30B4FC7BC} = {A1734600-5369-453B-B721-D9A33DD20A93}
		{26658ACA-2386-4D79-AC5A-2D4F442CC407} = {C1EF6823-BFC9-4075-A3BD-4AF34F594488}
		{7008F0D1-8079-4AFC-AF0F-FA1E605E3CD8} = {C1EF6823-BFC9-4075-A3BD-4AF34F594488}
		{65E3BAEF-C1E3-479D-A5AB-9660C167672F} = {370A0C10-FAEA-4F87-A175-9CC65688033B}
		{03261233-9310-4B24-900C-CA8167C00015} = {370A0C10-FAEA-4F87-A175-9CC65688033B}
		{BAE7FEA9-B7C1-454E-8C24-9F203EFB50B7} = {370A0C10-FAEA-4F87-A175-9CC65688033B}
		{6E816F22-4216-4254-A000-4DAD67C73C43} = {370A0C10-FAEA-4F87-A175-9CC65688033B}
		{058C3FFE-AEC0-4589-8023-3ADE78A7D9E9} = {370A0C10-FAEA-4F87-A175-9CC65688033B}
		{0DC90BC9-4E43-4AB4-B3A7-280E37F6FBF4} = {370A0C10-FAEA-4F87-A175-9CC65688033B}
		{19944D2B-1669-401B-A943-9265500DCFE9} = {370A0C10-FAEA-4F87-A175-9CC65688033B}
		{9A1AA2D5-49AC-4EA6-A3EF-D9758031C9DE} = {370A0C10-FAEA-4F87-A175-9CC65688033B}
		{4D5C568A-3485-4E15-874C-D06882572E12} = {370A0C10-FAEA-4F87-A175-9CC65688033B}
		{9E3459A1-FB6A-4749-9A86-0E13D103BF9E} = {370A0C10-FAEA-4F87-A175-9CC65688033B}
		{A3F1B64D-FA2D-4A91-B1D4-015A2AB81097} = {370A0C10-FAEA-4F87-A175-9CC65688033B}
		{D0FDAF21-AD26-4DC4-A918-439FA08326E8} = {370A0C10-FAEA-4F87-A175-9CC65688033B}
		{80116059-1BD5-454B-9869-B33DDADABEB9} = {370A0C10-FAEA-4F87-A175-9CC65688033B}
		{86B35FF5-EE28-45BC-A0EA-3589FC999F5D} = {370A0C10-FAEA-4F87-A175-9CC65688033B}
		{E4CAE7AE-5052-411A-AD00-B2349AF53C49} = {370A0C10-FAEA-4F87-A175-9CC65688033B}
		{DC2766B7-A0D5-4C73-9224-2F9ED4E084EF} = {370A0C10-FAEA-4F87-A175-9CC65688033B}
		{897D2BCB-CC78-41FD-9D7D-F32FD29ACFAF} = {370A0C10-FAEA-4F87-A175-9CC65688033B}
		{FDB133B3-3853-4AD7-A010-6AF53D0EEDF2} = {370A0C10-FAEA-4F87-A175-9CC65688033B}
		{570A1386-8784-42CC-8A6B-7C725828663A} = {541F44B5-4BAC-44CE-871B-518FF31D6ACA}
		{46CBD915-5D49-460C-AC1A-AB614A794731} = {541F44B5-4BAC-44CE-871B-518FF31D6ACA}
		{0B9573B1-F5B6-491F-AE38-47BAAED2E710} = {370A0C10-FAEA-4F87-A175-9CC65688033B}
		{49ABDF8D-7DE7-4C15-8D2F-5BCA84E90756} = {370A0C10-FAEA-4F87-A175-9CC65688033B}
		{7B7113BC-6404-4CA7-997A-11B09D9E27E5} = {370A0C10-FAEA-4F87-A175-9CC65688033B}
		{B63DCC36-F05A-4D68-AE71-E4D5D32FFB7B} = {370A0C10-FAEA-4F87-A175-9CC65688033B}
		{5DAD3A55-3945-4364-BEBC-27D81FBFB2C6} = {370A0C10-FAEA-4F87-A175-9CC65688033B}
		{07D434A5-F0AB-422C-99A8-9A525EDBC465} = {370A0C10-FAEA-4F87-A175-9CC65688033B}
		{30980424-E89E-48B0-B8C8-835C6255ABE3} = {370A0C10-FAEA-4F87-A175-9CC65688033B}
		{EB26AC3D-BC71-4E07-822C-964064941D3A} = {370A0C10-FAEA-4F87-A175-9CC65688033B}
		{01A661B1-260F-48FC-90DD-B126CC070ACD} = {370A0C10-FAEA-4F87-A175-9CC65688033B}
		{A11C8E45-2910-4CC6-AF60-ABB73E8849EE} = {370A0C10-FAEA-4F87-A175-9CC65688033B}
		{37898F9E-5E7F-4B41-8C74-37263247FB09} = {370A0C10-FAEA-4F87-A175-9CC65688033B}
		{BCCCEB91-ACC5-4B77-AEF7-B21E62FA1390} = {370A0C10-FAEA-4F87-A175-9CC65688033B}
		{4AB2CF22-5F28-4442-88A5-5985EBED7E58} = {370A0C10-FAEA-4F87-A175-9CC65688033B}
		{B768B112-9128-4D09-87B3-01BA6C690C23} = {370A0C10-FAEA-4F87-A175-9CC65688033B}
		{4D281467-1543-4612-9EB7-210CA5B347E3} = {370A0C10-FAEA-4F87-A175-9CC65688033B}
		{0A44B565-8107-46CC-BAEC-8EAEB7DDB8AA} = {370A0C10-FAEA-4F87-A175-9CC65688033B}
		{AC80BE6D-1B9D-4CBC-AFFD-4F27E6C6A81F} = {370A0C10-FAEA-4F87-A175-9CC65688033B}
		{E44127B3-20A8-48CD-B268-BEAB12F77651} = {370A0C10-FAEA-4F87-A175-9CC65688033B}
		{7B95F4D8-05A0-4705-8AEE-DA9F3CB6FBA0} = {370A0C10-FAEA-4F87-A175-9CC65688033B}
		{76293D06-4DDF-458D-B0AF-75FA89296F34} = {370A0C10-FAEA-4F87-A175-9CC65688033B}
		{6C4353DA-46E2-4B63-8B6F-7327ABE32945} = {370A0C10-FAEA-4F87-A175-9CC65688033B}
		{59F3C0E4-A430-47E9-AB17-653A94F2704C} = {370A0C10-FAEA-4F87-A175-9CC65688033B}
		{8C840974-4468-46AF-8BB8-6C1E0335597F} = {370A0C10-FAEA-4F87-A175-9CC65688033B}
		{C8B7C975-B676-42CD-ACF5-BE6EB63B89DA} = {370A0C10-FAEA-4F87-A175-9CC65688033B}
		{FE611250-E918-460B-987C-FD271611EDB0} = {370A0C10-FAEA-4F87-A175-9CC65688033B}
		{7803243F-50B7-4BA4-AFF6-F831DD7A8A05} = {370A0C10-FAEA-4F87-A175-9CC65688033B}
		{18681ABA-1724-481F-8745-E6DF7862F830} = {370A0C10-FAEA-4F87-A175-9CC65688033B}
		{D29E261C-9B7C-459B-91B9-FCC7A45689D8} = {370A0C10-FAEA-4F87-A175-9CC65688033B}
		{9B511E4F-48C7-4A9A-96C7-52165A676D25} = {370A0C10-FAEA-4F87-A175-9CC65688033B}
	EndGlobalSection
	GlobalSection(ExtensibilityGlobals) = postSolution
		SolutionGuid = {B8D8F3E1-3ACD-495F-8EA8-929B1C6898BE}
	EndGlobalSection
EndGlobal
