
Microsoft Visual Studio Solution File, Format Version 12.00
# Visual Studio Version 17
VisualStudioVersion = 17.5.33627.172
MinimumVisualStudioVersion = 10.0.40219.1
Project("{FAE04EC0-301F-11D3-BF4B-00C04F79EFBC}") = "Ch01_P05_Console_EX", "Ch01_P05_Console_EX\Ch01_P05_Console_EX.csproj", "{DC5CE47B-AB98-44D0-A6B3-E8696A579A5B}"
EndProject
Project("{2150E333-8FDC-42A3-9474-1A3956D46DE8}") = "Ch01", "Ch01", "{A1734600-5369-453B-B721-D9A33DD20A93}"
EndProject
Project("{FAE04EC0-301F-11D3-BF4B-00C04F79EFBC}") = "Ch01_P07_vardeclare_Console_IO_EX", "Ch01_P07_vardeclare_Console_IO_EX\Ch01_P07_vardeclare_Console_IO_EX.csproj", "{6CF1F10D-C52D-4C7E-B480-6ED549B29983}"
EndProject
Project("{FAE04EC0-301F-11D3-BF4B-00C04F79EFBC}") = "Ch01_P09_Arithmetic_EX", "Ch01_P09_Arithmetic_EX\Ch01_P09_Arithmetic_EX.csproj", "{312781E9-BE51-4B1A-8D87-45308AE9D09C}"
EndProject
Project("{FAE04EC0-301F-11D3-BF4B-00C04F79EFBC}") = "Ch01_P11_Bool.EX", "Ch01_P11_Bool.EX\Ch01_P11_Bool.EX.csproj", "{89AF5B63-5E9B-4630-BA97-CA754EA2FB0B}"
EndProject
Project("{FAE04EC0-301F-11D3-BF4B-00C04F79EFBC}") = "Ch01_P14_GUI_EX", "Ch01_P14_GUI_EX\Ch01_P14_GUI_EX.csproj", "{D657744B-7817-4349-82B3-F89AA1492DC9}"
EndProject
Project("{FAE04EC0-301F-11D3-BF4B-00C04F79EFBC}") = "Ch01_P15_OP_EX", "Ch01_P15_OP_EX\Ch01_P15_OP_EX.csproj", "{4B330A2D-873C-4135-B5C5-ECC30B4FC7BC}"
EndProject
Project("{2150E333-8FDC-42A3-9474-1A3956D46DE8}") = "Ch02", "Ch02", "{C1EF6823-BFC9-4075-A3BD-4AF34F594488}"
EndProject
Project("{9A19103F-16F7-4668-BE54-9A1E7A4F7556}") = "Ch02_Welcome", "Ch02_Welcome\Ch02_Welcome.csproj", "{26658ACA-2386-4D79-AC5A-2D4F442CC407}"
EndProject
Project("{FAE04EC0-301F-11D3-BF4B-00C04F79EFBC}") = "Ch02_P22_Console_MSG_EX", "Ch02_P22_Console_MSG_EX\Ch02_P22_Console_MSG_EX.csproj", "{7008F0D1-8079-4AFC-AF0F-FA1E605E3CD8}"
EndProject
Project("{2150E333-8FDC-42A3-9474-1A3956D46DE8}") = "Ch03", "Ch03", "{370A0C10-FAEA-4F87-A175-9CC65688033B}"
EndProject
Project("{FAE04EC0-301F-11D3-BF4B-00C04F79EFBC}") = "Ch03_P22_PI", "Ch03_P22_PI\Ch03_P22_PI.csproj", "{65E3BAEF-C1E3-479D-A5AB-9660C167672F}"
EndProject
Project("{FAE04EC0-301F-11D3-BF4B-00C04F79EFBC}") = "Ch03_Test_PI", "Ch03_Test_PI\Ch03_Test_PI.csproj", "{03261233-9310-4B24-900C-CA8167C00015}"
EndProject
Project("{FAE04EC0-301F-11D3-BF4B-00C04F79EFBC}") = "Ch03_P48_BMI_Demo", "Ch03_P48_BMI_Demo\Ch03_P48_BMI_Demo.csproj", "{BAE7FEA9-B7C1-454E-8C24-9F203EFB50B7}"
EndProject
Project("{FAE04EC0-301F-11D3-BF4B-00C04F79EFBC}") = "Ch3_P47_C_F_Temp_Trransforrm_Demo", "Ch03_P47_C_F_Temp_Trransforrm_Demo\Ch3_P47_C_F_Temp_Trransforrm_Demo.csproj", "{6E816F22-4216-4254-A000-4DAD67C73C43}"
EndProject
Project("{FAE04EC0-301F-11D3-BF4B-00C04F79EFBC}") = "Ch03_P52_Demo", "Ch03_P52_Demo\Ch03_P52_Demo.csproj", "{058C3FFE-AEC0-4589-8023-3ADE78A7D9E9}"
EndProject
Project("{FAE04EC0-301F-11D3-BF4B-00C04F79EFBC}") = "Ch03_P61_Bitwise_Shift_Demo", "Ch03_P61_Bitwise_Shift_Demo\Ch03_P61_Bitwise_Shift_Demo.csproj", "{0DC90BC9-4E43-4AB4-B3A7-280E37F6FBF4}"
EndProject
Project("{FAE04EC0-301F-11D3-BF4B-00C04F79EFBC}") = "Ch03_P68_ImplicitTypeConvert_Demo", "Ch03_P68_ImplicitTypeConvert_Demo\Ch03_P68_ImplicitTypeConvert_Demo.csproj", "{19944D2B-1669-401B-A943-9265500DCFE9}"
EndProject
Project("{FAE04EC0-301F-11D3-BF4B-00C04F79EFBC}") = "Ch03_P71_Explicit_Casting_Demo", "Ch03_P71_Explicit_Casting_Demo\Ch03_P71_Explicit_Casting_Demo.csproj", "{9A1AA2D5-49AC-4EA6-A3EF-D9758031C9DE}"
EndProject
Project("{FAE04EC0-301F-11D3-BF4B-00C04F79EFBC}") = "Ch03_P79_DataType_MaxValue_Demo", "Ch03_P79_DataType_MaxValue_Demo\Ch03_P79_DataType_MaxValue_Demo.csproj", "{4D5C568A-3485-4E15-874C-D06882572E12}"
EndProject
Project("{FAE04EC0-301F-11D3-BF4B-00C04F79EFBC}") = "Ch03_P83_String_Methods_Demo", "Ch03_P83_String_Methods_Demo\Ch03_P83_String_Methods_Demo.csproj", "{9E3459A1-FB6A-4749-9A86-0E13D103BF9E}"
EndProject
Project("{FAE04EC0-301F-11D3-BF4B-00C04F79EFBC}") = "Ch03_P84_StringBuilder_Demo", "Ch03_P84_StringBuilder_Demo\Ch03_P84_StringBuilder_Demo.csproj", "{A3F1B64D-FA2D-4A91-B1D4-015A2AB81097}"
EndProject
Project("{FAE04EC0-301F-11D3-BF4B-00C04F79EFBC}") = "Ch03_P85_Array_Demo", "Ch03_P85_Array_Demo\Ch03_P85_Array_Demo.csproj", "{D0FDAF21-AD26-4DC4-A918-439FA08326E8}"
EndProject
Project("{FAE04EC0-301F-11D3-BF4B-00C04F79EFBC}") = "Ch03_P87_RaggedArray_Demo", "Ch03_P87_RaggedArray_Demo\Ch03_P87_RaggedArray_Demo.csproj", "{80116059-1BD5-454B-9869-B33DDADABEB9}"
EndProject
Global
	GlobalSection(SolutionConfigurationPlatforms) = preSolution
		Debug|Any CPU = Debug|Any CPU
		Release|Any CPU = Release|Any CPU
	EndGlobalSection
	GlobalSection(ProjectConfigurationPlatforms) = postSolution
		{DC5CE47B-AB98-44D0-A6B3-E8696A579A5B}.Debug|Any CPU.ActiveCfg = Debug|Any CPU
		{DC5CE47B-AB98-44D0-A6B3-E8696A579A5B}.Debug|Any CPU.Build.0 = Debug|Any CPU
		{DC5CE47B-AB98-44D0-A6B3-E8696A579A5B}.Release|Any CPU.ActiveCfg = Release|Any CPU
		{DC5CE47B-AB98-44D0-A6B3-E8696A579A5B}.Release|Any CPU.Build.0 = Release|Any CPU
		{6CF1F10D-C52D-4C7E-B480-6ED549B29983}.Debug|Any CPU.ActiveCfg = Debug|Any CPU
		{6CF1F10D-C52D-4C7E-B480-6ED549B29983}.Debug|Any CPU.Build.0 = Debug|Any CPU
		{6CF1F10D-C52D-4C7E-B480-6ED549B29983}.Release|Any CPU.ActiveCfg = Release|Any CPU
		{6CF1F10D-C52D-4C7E-B480-6ED549B29983}.Release|Any CPU.Build.0 = Release|Any CPU
		{312781E9-BE51-4B1A-8D87-45308AE9D09C}.Debug|Any CPU.ActiveCfg = Debug|Any CPU
		{312781E9-BE51-4B1A-8D87-45308AE9D09C}.Debug|Any CPU.Build.0 = Debug|Any CPU
		{312781E9-BE51-4B1A-8D87-45308AE9D09C}.Release|Any CPU.ActiveCfg = Release|Any CPU
		{312781E9-BE51-4B1A-8D87-45308AE9D09C}.Release|Any CPU.Build.0 = Release|Any CPU
		{89AF5B63-5E9B-4630-BA97-CA754EA2FB0B}.Debug|Any CPU.ActiveCfg = Debug|Any CPU
		{89AF5B63-5E9B-4630-BA97-CA754EA2FB0B}.Debug|Any CPU.Build.0 = Debug|Any CPU
		{89AF5B63-5E9B-4630-BA97-CA754EA2FB0B}.Release|Any CPU.ActiveCfg = Release|Any CPU
		{89AF5B63-5E9B-4630-BA97-CA754EA2FB0B}.Release|Any CPU.Build.0 = Release|Any CPU
		{D657744B-7817-4349-82B3-F89AA1492DC9}.Debug|Any CPU.ActiveCfg = Debug|Any CPU
		{D657744B-7817-4349-82B3-F89AA1492DC9}.Debug|Any CPU.Build.0 = Debug|Any CPU
		{D657744B-7817-4349-82B3-F89AA1492DC9}.Release|Any CPU.ActiveCfg = Release|Any CPU
		{D657744B-7817-4349-82B3-F89AA1492DC9}.Release|Any CPU.Build.0 = Release|Any CPU
		{4B330A2D-873C-4135-B5C5-ECC30B4FC7BC}.Debug|Any CPU.ActiveCfg = Debug|Any CPU
		{4B330A2D-873C-4135-B5C5-ECC30B4FC7BC}.Debug|Any CPU.Build.0 = Debug|Any CPU
		{4B330A2D-873C-4135-B5C5-ECC30B4FC7BC}.Release|Any CPU.ActiveCfg = Release|Any CPU
		{4B330A2D-873C-4135-B5C5-ECC30B4FC7BC}.Release|Any CPU.Build.0 = Release|Any CPU
		{26658ACA-2386-4D79-AC5A-2D4F442CC407}.Debug|Any CPU.ActiveCfg = Debug|Any CPU
		{26658ACA-2386-4D79-AC5A-2D4F442CC407}.Debug|Any CPU.Build.0 = Debug|Any CPU
		{26658ACA-2386-4D79-AC5A-2D4F442CC407}.Release|Any CPU.ActiveCfg = Release|Any CPU
		{26658ACA-2386-4D79-AC5A-2D4F442CC407}.Release|Any CPU.Build.0 = Release|Any CPU
		{7008F0D1-8079-4AFC-AF0F-FA1E605E3CD8}.Debug|Any CPU.ActiveCfg = Debug|Any CPU
		{7008F0D1-8079-4AFC-AF0F-FA1E605E3CD8}.Debug|Any CPU.Build.0 = Debug|Any CPU
		{7008F0D1-8079-4AFC-AF0F-FA1E605E3CD8}.Release|Any CPU.ActiveCfg = Release|Any CPU
		{7008F0D1-8079-4AFC-AF0F-FA1E605E3CD8}.Release|Any CPU.Build.0 = Release|Any CPU
		{65E3BAEF-C1E3-479D-A5AB-9660C167672F}.Debug|Any CPU.ActiveCfg = Debug|Any CPU
		{65E3BAEF-C1E3-479D-A5AB-9660C167672F}.Debug|Any CPU.Build.0 = Debug|Any CPU
		{65E3BAEF-C1E3-479D-A5AB-9660C167672F}.Release|Any CPU.ActiveCfg = Release|Any CPU
		{65E3BAEF-C1E3-479D-A5AB-9660C167672F}.Release|Any CPU.Build.0 = Release|Any CPU
		{03261233-9310-4B24-900C-CA8167C00015}.Debug|Any CPU.ActiveCfg = Debug|Any CPU
		{03261233-9310-4B24-900C-CA8167C00015}.Debug|Any CPU.Build.0 = Debug|Any CPU
		{03261233-9310-4B24-900C-CA8167C00015}.Release|Any CPU.ActiveCfg = Release|Any CPU
		{03261233-9310-4B24-900C-CA8167C00015}.Release|Any CPU.Build.0 = Release|Any CPU
		{BAE7FEA9-B7C1-454E-8C24-9F203EFB50B7}.Debug|Any CPU.ActiveCfg = Debug|Any CPU
		{BAE7FEA9-B7C1-454E-8C24-9F203EFB50B7}.Debug|Any CPU.Build.0 = Debug|Any CPU
		{BAE7FEA9-B7C1-454E-8C24-9F203EFB50B7}.Release|Any CPU.ActiveCfg = Release|Any CPU
		{BAE7FEA9-B7C1-454E-8C24-9F203EFB50B7}.Release|Any CPU.Build.0 = Release|Any CPU
		{6E816F22-4216-4254-A000-4DAD67C73C43}.Debug|Any CPU.ActiveCfg = Debug|Any CPU
		{6E816F22-4216-4254-A000-4DAD67C73C43}.Debug|Any CPU.Build.0 = Debug|Any CPU
		{6E816F22-4216-4254-A000-4DAD67C73C43}.Release|Any CPU.ActiveCfg = Release|Any CPU
		{6E816F22-4216-4254-A000-4DAD67C73C43}.Release|Any CPU.Build.0 = Release|Any CPU
		{058C3FFE-AEC0-4589-8023-3ADE78A7D9E9}.Debug|Any CPU.ActiveCfg = Debug|Any CPU
		{058C3FFE-AEC0-4589-8023-3ADE78A7D9E9}.Debug|Any CPU.Build.0 = Debug|Any CPU
		{058C3FFE-AEC0-4589-8023-3ADE78A7D9E9}.Release|Any CPU.ActiveCfg = Release|Any CPU
		{058C3FFE-AEC0-4589-8023-3ADE78A7D9E9}.Release|Any CPU.Build.0 = Release|Any CPU
		{0DC90BC9-4E43-4AB4-B3A7-280E37F6FBF4}.Debug|Any CPU.ActiveCfg = Debug|Any CPU
		{0DC90BC9-4E43-4AB4-B3A7-280E37F6FBF4}.Debug|Any CPU.Build.0 = Debug|Any CPU
		{0DC90BC9-4E43-4AB4-B3A7-280E37F6FBF4}.Release|Any CPU.ActiveCfg = Release|Any CPU
		{0DC90BC9-4E43-4AB4-B3A7-280E37F6FBF4}.Release|Any CPU.Build.0 = Release|Any CPU
		{19944D2B-1669-401B-A943-9265500DCFE9}.Debug|Any CPU.ActiveCfg = Debug|Any CPU
		{19944D2B-1669-401B-A943-9265500DCFE9}.Debug|Any CPU.Build.0 = Debug|Any CPU
		{19944D2B-1669-401B-A943-9265500DCFE9}.Release|Any CPU.ActiveCfg = Release|Any CPU
		{19944D2B-1669-401B-A943-9265500DCFE9}.Release|Any CPU.Build.0 = Release|Any CPU
		{9A1AA2D5-49AC-4EA6-A3EF-D9758031C9DE}.Debug|Any CPU.ActiveCfg = Debug|Any CPU
		{9A1AA2D5-49AC-4EA6-A3EF-D9758031C9DE}.Debug|Any CPU.Build.0 = Debug|Any CPU
		{9A1AA2D5-49AC-4EA6-A3EF-D9758031C9DE}.Release|Any CPU.ActiveCfg = Release|Any CPU
		{9A1AA2D5-49AC-4EA6-A3EF-D9758031C9DE}.Release|Any CPU.Build.0 = Release|Any CPU
		{4D5C568A-3485-4E15-874C-D06882572E12}.Debug|Any CPU.ActiveCfg = Debug|Any CPU
		{4D5C568A-3485-4E15-874C-D06882572E12}.Debug|Any CPU.Build.0 = Debug|Any CPU
		{4D5C568A-3485-4E15-874C-D06882572E12}.Release|Any CPU.ActiveCfg = Release|Any CPU
		{4D5C568A-3485-4E15-874C-D06882572E12}.Release|Any CPU.Build.0 = Release|Any CPU
		{9E3459A1-FB6A-4749-9A86-0E13D103BF9E}.Debug|Any CPU.ActiveCfg = Debug|Any CPU
		{9E3459A1-FB6A-4749-9A86-0E13D103BF9E}.Debug|Any CPU.Build.0 = Debug|Any CPU
		{9E3459A1-FB6A-4749-9A86-0E13D103BF9E}.Release|Any CPU.ActiveCfg = Release|Any CPU
		{9E3459A1-FB6A-4749-9A86-0E13D103BF9E}.Release|Any CPU.Build.0 = Release|Any CPU
		{A3F1B64D-FA2D-4A91-B1D4-015A2AB81097}.Debug|Any CPU.ActiveCfg = Debug|Any CPU
		{A3F1B64D-FA2D-4A91-B1D4-015A2AB81097}.Debug|Any CPU.Build.0 = Debug|Any CPU
		{A3F1B64D-FA2D-4A91-B1D4-015A2AB81097}.Release|Any CPU.ActiveCfg = Release|Any CPU
		{A3F1B64D-FA2D-4A91-B1D4-015A2AB81097}.Release|Any CPU.Build.0 = Release|Any CPU
		{D0FDAF21-AD26-4DC4-A918-439FA08326E8}.Debug|Any CPU.ActiveCfg = Debug|Any CPU
		{D0FDAF21-AD26-4DC4-A918-439FA08326E8}.Debug|Any CPU.Build.0 = Debug|Any CPU
		{D0FDAF21-AD26-4DC4-A918-439FA08326E8}.Release|Any CPU.ActiveCfg = Release|Any CPU
		{D0FDAF21-AD26-4DC4-A918-439FA08326E8}.Release|Any CPU.Build.0 = Release|Any CPU
		{80116059-1BD5-454B-9869-B33DDADABEB9}.Debug|Any CPU.ActiveCfg = Debug|Any CPU
		{80116059-1BD5-454B-9869-B33DDADABEB9}.Debug|Any CPU.Build.0 = Debug|Any CPU
		{80116059-1BD5-454B-9869-B33DDADABEB9}.Release|Any CPU.ActiveCfg = Release|Any CPU
		{80116059-1BD5-454B-9869-B33DDADABEB9}.Release|Any CPU.Build.0 = Release|Any CPU
	EndGlobalSection
	GlobalSection(SolutionProperties) = preSolution
		HideSolutionNode = FALSE
	EndGlobalSection
	GlobalSection(NestedProjects) = preSolution
		{DC5CE47B-AB98-44D0-A6B3-E8696A579A5B} = {A1734600-5369-453B-B721-D9A33DD20A93}
		{6CF1F10D-C52D-4C7E-B480-6ED549B29983} = {A1734600-5369-453B-B721-D9A33DD20A93}
		{312781E9-BE51-4B1A-8D87-45308AE9D09C} = {A1734600-5369-453B-B721-D9A33DD20A93}
		{89AF5B63-5E9B-4630-BA97-CA754EA2FB0B} = {A1734600-5369-453B-B721-D9A33DD20A93}
		{D657744B-7817-4349-82B3-F89AA1492DC9} = {A1734600-5369-453B-B721-D9A33DD20A93}
		{4B330A2D-873C-4135-B5C5-ECC30B4FC7BC} = {A1734600-5369-453B-B721-D9A33DD20A93}
		{26658ACA-2386-4D79-AC5A-2D4F442CC407} = {C1EF6823-BFC9-4075-A3BD-4AF34F594488}
		{7008F0D1-8079-4AFC-AF0F-FA1E605E3CD8} = {C1EF6823-BFC9-4075-A3BD-4AF34F594488}
		{65E3BAEF-C1E3-479D-A5AB-9660C167672F} = {370A0C10-FAEA-4F87-A175-9CC65688033B}
		{03261233-9310-4B24-900C-CA8167C00015} = {370A0C10-FAEA-4F87-A175-9CC65688033B}
		{BAE7FEA9-B7C1-454E-8C24-9F203EFB50B7} = {370A0C10-FAEA-4F87-A175-9CC65688033B}
		{6E816F22-4216-4254-A000-4DAD67C73C43} = {370A0C10-FAEA-4F87-A175-9CC65688033B}
		{058C3FFE-AEC0-4589-8023-3ADE78A7D9E9} = {370A0C10-FAEA-4F87-A175-9CC65688033B}
		{0DC90BC9-4E43-4AB4-B3A7-280E37F6FBF4} = {370A0C10-FAEA-4F87-A175-9CC65688033B}
		{19944D2B-1669-401B-A943-9265500DCFE9} = {370A0C10-FAEA-4F87-A175-9CC65688033B}
		{9A1AA2D5-49AC-4EA6-A3EF-D9758031C9DE} = {370A0C10-FAEA-4F87-A175-9CC65688033B}
		{4D5C568A-3485-4E15-874C-D06882572E12} = {370A0C10-FAEA-4F87-A175-9CC65688033B}
		{9E3459A1-FB6A-4749-9A86-0E13D103BF9E} = {370A0C10-FAEA-4F87-A175-9CC65688033B}
		{A3F1B64D-FA2D-4A91-B1D4-015A2AB81097} = {370A0C10-FAEA-4F87-A175-9CC65688033B}
		{D0FDAF21-AD26-4DC4-A918-439FA08326E8} = {370A0C10-FAEA-4F87-A175-9CC65688033B}
		{80116059-1BD5-454B-9869-B33DDADABEB9} = {370A0C10-FAEA-4F87-A175-9CC65688033B}
	EndGlobalSection
	GlobalSection(ExtensibilityGlobals) = postSolution
		SolutionGuid = {B8D8F3E1-3ACD-495F-8EA8-929B1C6898BE}
	EndGlobalSection
EndGlobal
